
Microsoft Visual Studio Solution File, Format Version 12.00
# Visual Studio Version 17
VisualStudioVersion = 17.9.34622.214
MinimumVisualStudioVersion = 10.0.40219.1
Project("{9A19103F-16F7-4668-BE54-9A1E7A4F7556}") = "WebSecProbeCleanArch", "WebSecProbeCleanArch.csproj", "{F164CF4B-4B31-4D13-8D80-591903E8FD87}"
EndProject
Global
	GlobalSection(SolutionConfigurationPlatforms) = preSolution
		Debug|Any CPU = Debug|Any CPU
		Release|Any CPU = Release|Any CPU
	EndGlobalSection
	GlobalSection(ProjectConfigurationPlatforms) = postSolution
		{F164CF4B-4B31-4D13-8D80-591903E8FD87}.Debug|Any CPU.ActiveCfg = Debug|Any CPU
		{F164CF4B-4B31-4D13-8D80-591903E8FD87}.Debug|Any CPU.Build.0 = Debug|Any CPU
		{F164CF4B-4B31-4D13-8D80-591903E8FD87}.Release|Any CPU.ActiveCfg = Release|Any CPU
		{F164CF4B-4B31-4D13-8D80-591903E8FD87}.Release|Any CPU.Build.0 = Release|Any CPU
	EndGlobalSection
	GlobalSection(SolutionProperties) = preSolution
		HideSolutionNode = FALSE
	EndGlobalSection
	GlobalSection(ExtensibilityGlobals) = postSolution
		SolutionGuid = {397A9858-82C4-48CA-996D-94166758917F}
	EndGlobalSection
EndGlobal
